
Microsoft Visual Studio Solution File, Format Version 12.00
# Visual Studio Version 16
VisualStudioVersion = 16.0.31313.79
MinimumVisualStudioVersion = 10.0.40219.1
Project("{9A19103F-16F7-4668-BE54-9A1E7A4F7556}") = "Battleship.UI", "Battleship.UI\Battleship.UI.csproj", "{A0FE57F2-3B58-4869-B534-B4E87F490A48}"
	ProjectSection(ProjectDependencies) = postProject
		{77949AA9-9715-4584-9EA7-422B4974174B} = {77949AA9-9715-4584-9EA7-422B4974174B}
	EndProjectSection
EndProject
Project("{9A19103F-16F7-4668-BE54-9A1E7A4F7556}") = "Battleship.SinglePlayer", "Battleship.SinglePlayer\Battleship.SinglePlayer.csproj", "{0DB19539-45A1-4EB6-8DFE-D6CB827C9124}"
	ProjectSection(ProjectDependencies) = postProject
		{77949AA9-9715-4584-9EA7-422B4974174B} = {77949AA9-9715-4584-9EA7-422B4974174B}
	EndProjectSection
EndProject
Project("{9A19103F-16F7-4668-BE54-9A1E7A4F7556}") = "Battleship.Entities", "Battleship.Entities\Battleship.Entities.csproj", "{77949AA9-9715-4584-9EA7-422B4974174B}"
EndProject
Global
	GlobalSection(SolutionConfigurationPlatforms) = preSolution
		Debug|Any CPU = Debug|Any CPU
		Release|Any CPU = Release|Any CPU
	EndGlobalSection
	GlobalSection(ProjectConfigurationPlatforms) = postSolution
		{A0FE57F2-3B58-4869-B534-B4E87F490A48}.Debug|Any CPU.ActiveCfg = Debug|Any CPU
		{A0FE57F2-3B58-4869-B534-B4E87F490A48}.Debug|Any CPU.Build.0 = Debug|Any CPU
		{A0FE57F2-3B58-4869-B534-B4E87F490A48}.Release|Any CPU.ActiveCfg = Release|Any CPU
		{A0FE57F2-3B58-4869-B534-B4E87F490A48}.Release|Any CPU.Build.0 = Release|Any CPU
		{0DB19539-45A1-4EB6-8DFE-D6CB827C9124}.Debug|Any CPU.ActiveCfg = Debug|Any CPU
		{0DB19539-45A1-4EB6-8DFE-D6CB827C9124}.Debug|Any CPU.Build.0 = Debug|Any CPU
		{0DB19539-45A1-4EB6-8DFE-D6CB827C9124}.Release|Any CPU.ActiveCfg = Release|Any CPU
		{0DB19539-45A1-4EB6-8DFE-D6CB827C9124}.Release|Any CPU.Build.0 = Release|Any CPU
		{77949AA9-9715-4584-9EA7-422B4974174B}.Debug|Any CPU.ActiveCfg = Debug|Any CPU
		{77949AA9-9715-4584-9EA7-422B4974174B}.Debug|Any CPU.Build.0 = Debug|Any CPU
		{77949AA9-9715-4584-9EA7-422B4974174B}.Release|Any CPU.ActiveCfg = Release|Any CPU
		{77949AA9-9715-4584-9EA7-422B4974174B}.Release|Any CPU.Build.0 = Release|Any CPU
	EndGlobalSection
	GlobalSection(SolutionProperties) = preSolution
		HideSolutionNode = FALSE
	EndGlobalSection
	GlobalSection(ExtensibilityGlobals) = postSolution
		SolutionGuid = {D8288C15-E6E4-4390-97C4-9AD2AD355B21}
	EndGlobalSection
EndGlobal
